
Microsoft Visual Studio Solution File, Format Version 12.00
Project("{FAE04EC0-301F-11D3-BF4B-00C04F79EFBC}") = "GWM", "GWM\GWM.csproj", "{610296B0-720B-4039-8D7B-B737B98B5B22}"
EndProject
Global
	GlobalSection(SolutionConfigurationPlatforms) = preSolution
		Debug|Any CPU = Debug|Any CPU
		Release|Any CPU = Release|Any CPU
	EndGlobalSection
	GlobalSection(ProjectConfigurationPlatforms) = postSolution
		{610296B0-720B-4039-8D7B-B737B98B5B22}.Debug|Any CPU.ActiveCfg = Debug|Any CPU
		{610296B0-720B-4039-8D7B-B737B98B5B22}.Debug|Any CPU.Build.0 = Debug|Any CPU
		{610296B0-720B-4039-8D7B-B737B98B5B22}.Release|Any CPU.ActiveCfg = Release|Any CPU
		{610296B0-720B-4039-8D7B-B737B98B5B22}.Release|Any CPU.Build.0 = Release|Any CPU
	EndGlobalSection
EndGlobal
